
Microsoft Visual Studio Solution File, Format Version 12.00
# Visual Studio Version 16
VisualStudioVersion = 16.0.29230.47
MinimumVisualStudioVersion = 10.0.40219.1
Project("{8BC9CEB8-8B4A-11D0-8D11-00A0C91BC942}") = "二叉树建立和遍历", "二叉树建立和遍历.vcxproj", "{97DE223F-597B-4B15-9608-118C32F2C486}"
EndProject
Global
	GlobalSection(SolutionConfigurationPlatforms) = preSolution
		Debug|x64 = Debug|x64
		Debug|x86 = Debug|x86
		Release|x64 = Release|x64
		Release|x86 = Release|x86
	EndGlobalSection
	GlobalSection(ProjectConfigurationPlatforms) = postSolution
		{97DE223F-597B-4B15-9608-118C32F2C486}.Debug|x64.ActiveCfg = Debug|x64
		{97DE223F-597B-4B15-9608-118C32F2C486}.Debug|x64.Build.0 = Debug|x64
		{97DE223F-597B-4B15-9608-118C32F2C486}.Debug|x86.ActiveCfg = Debug|Win32
		{97DE223F-597B-4B15-9608-118C32F2C486}.Debug|x86.Build.0 = Debug|Win32
		{97DE223F-597B-4B15-9608-118C32F2C486}.Release|x64.ActiveCfg = Release|x64
		{97DE223F-597B-4B15-9608-118C32F2C486}.Release|x64.Build.0 = Release|x64
		{97DE223F-597B-4B15-9608-118C32F2C486}.Release|x86.ActiveCfg = Release|Win32
		{97DE223F-597B-4B15-9608-118C32F2C486}.Release|x86.Build.0 = Release|Win32
	EndGlobalSection
	GlobalSection(SolutionProperties) = preSolution
		HideSolutionNode = FALSE
	EndGlobalSection
	GlobalSection(ExtensibilityGlobals) = postSolution
		SolutionGuid = {A97A7DBB-1F2D-47D6-BA48-94BCBCC699ED}
	EndGlobalSection
EndGlobal
